
Microsoft Visual Studio Solution File, Format Version 12.00
# Visual Studio Version 16
VisualStudioVersion = 16.0.30717.126
MinimumVisualStudioVersion = 10.0.40219.1
Project("{FAE04EC0-301F-11D3-BF4B-00C04F79EFBC}") = "TestApplication", "TestApplication.csproj", "{381D27D7-1AA0-4128-803A-8DC9ADAFE700}"
EndProject
Project("{2150E333-8FDC-42A3-9474-1A3956D46DE8}") = "Solution Items", "Solution Items", "{09910913-0992-4BCE-A472-C2F9D53E6E6A}"
EndProject
Global
	GlobalSection(SolutionConfigurationPlatforms) = preSolution
		Debug|Any CPU = Debug|Any CPU
		Release|Any CPU = Release|Any CPU
	EndGlobalSection
	GlobalSection(ProjectConfigurationPlatforms) = postSolution
		{381D27D7-1AA0-4128-803A-8DC9ADAFE700}.Debug|Any CPU.ActiveCfg = Debug|Any CPU
		{381D27D7-1AA0-4128-803A-8DC9ADAFE700}.Debug|Any CPU.Build.0 = Debug|Any CPU
		{381D27D7-1AA0-4128-803A-8DC9ADAFE700}.Release|Any CPU.ActiveCfg = Release|Any CPU
		{381D27D7-1AA0-4128-803A-8DC9ADAFE700}.Release|Any CPU.Build.0 = Release|Any CPU
	EndGlobalSection
	GlobalSection(SolutionProperties) = preSolution
		HideSolutionNode = FALSE
	EndGlobalSection
	GlobalSection(ExtensibilityGlobals) = postSolution
		SolutionGuid = {2BB4421C-0084-47B4-8549-4B6EED952BC3}
	EndGlobalSection
EndGlobal
